
Microsoft Visual Studio Solution File, Format Version 12.00
# Visual Studio Version 17
VisualStudioVersion = 17.8.34511.84
MinimumVisualStudioVersion = 10.0.40219.1
Project("{FAE04EC0-301F-11D3-BF4B-00C04F79EFBC}") = "FridgeBE.Api", "FridgeBE.Api\FridgeBE.Api.csproj", "{842CB699-237E-4825-9F02-81EBC6BBCBD2}"
EndProject
Project("{FAE04EC0-301F-11D3-BF4B-00C04F79EFBC}") = "FridgeBE.Core", "FridgeBE.Core\FridgeBE.Core.csproj", "{D4635198-C3C7-40B6-A51E-44D53270EE1B}"
EndProject
Project("{FAE04EC0-301F-11D3-BF4B-00C04F79EFBC}") = "FridgeBE.Infrastructure", "FridgeBE.Infrastructure\FridgeBE.Infrastructure.csproj", "{4DD524D9-EA7B-47DD-9356-D71443B426CE}"
EndProject
Global
	GlobalSection(SolutionConfigurationPlatforms) = preSolution
		Debug|Any CPU = Debug|Any CPU
		Release|Any CPU = Release|Any CPU
	EndGlobalSection
	GlobalSection(ProjectConfigurationPlatforms) = postSolution
		{842CB699-237E-4825-9F02-81EBC6BBCBD2}.Debug|Any CPU.ActiveCfg = Debug|Any CPU
		{842CB699-237E-4825-9F02-81EBC6BBCBD2}.Debug|Any CPU.Build.0 = Debug|Any CPU
		{842CB699-237E-4825-9F02-81EBC6BBCBD2}.Release|Any CPU.ActiveCfg = Release|Any CPU
		{842CB699-237E-4825-9F02-81EBC6BBCBD2}.Release|Any CPU.Build.0 = Release|Any CPU
		{D4635198-C3C7-40B6-A51E-44D53270EE1B}.Debug|Any CPU.ActiveCfg = Debug|Any CPU
		{D4635198-C3C7-40B6-A51E-44D53270EE1B}.Debug|Any CPU.Build.0 = Debug|Any CPU
		{D4635198-C3C7-40B6-A51E-44D53270EE1B}.Release|Any CPU.ActiveCfg = Release|Any CPU
		{D4635198-C3C7-40B6-A51E-44D53270EE1B}.Release|Any CPU.Build.0 = Release|Any CPU
		{4DD524D9-EA7B-47DD-9356-D71443B426CE}.Debug|Any CPU.ActiveCfg = Debug|Any CPU
		{4DD524D9-EA7B-47DD-9356-D71443B426CE}.Debug|Any CPU.Build.0 = Debug|Any CPU
		{4DD524D9-EA7B-47DD-9356-D71443B426CE}.Release|Any CPU.ActiveCfg = Release|Any CPU
		{4DD524D9-EA7B-47DD-9356-D71443B426CE}.Release|Any CPU.Build.0 = Release|Any CPU
	EndGlobalSection
	GlobalSection(SolutionProperties) = preSolution
		HideSolutionNode = FALSE
	EndGlobalSection
	GlobalSection(ExtensibilityGlobals) = postSolution
		SolutionGuid = {5635B357-5139-4418-8B4A-2E7FF0943DD0}
	EndGlobalSection
EndGlobal
